
Microsoft Visual Studio Solution File, Format Version 12.00
# Visual Studio Version 17
VisualStudioVersion = 17.0.31612.314
MinimumVisualStudioVersion = 10.0.40219.1
Project("{FAE04EC0-301F-11D3-BF4B-00C04F79EFBC}") = "ToDoer.API", "src\ToDoer.API\ToDoer.API.csproj", "{FDD218D5-FDD3-4F29-A925-28B7356A9D41}"
EndProject
Global
	GlobalSection(SolutionConfigurationPlatforms) = preSolution
		Debug|Any CPU = Debug|Any CPU
		Release|Any CPU = Release|Any CPU
	EndGlobalSection
	GlobalSection(ProjectConfigurationPlatforms) = postSolution
		{FDD218D5-FDD3-4F29-A925-28B7356A9D41}.Debug|Any CPU.ActiveCfg = Debug|Any CPU
		{FDD218D5-FDD3-4F29-A925-28B7356A9D41}.Debug|Any CPU.Build.0 = Debug|Any CPU
		{FDD218D5-FDD3-4F29-A925-28B7356A9D41}.Release|Any CPU.ActiveCfg = Release|Any CPU
		{FDD218D5-FDD3-4F29-A925-28B7356A9D41}.Release|Any CPU.Build.0 = Release|Any CPU
	EndGlobalSection
	GlobalSection(SolutionProperties) = preSolution
		HideSolutionNode = FALSE
	EndGlobalSection
	GlobalSection(ExtensibilityGlobals) = postSolution
		SolutionGuid = {3921AD86-E6C0-4436-8880-2D9EDFAD6151}
	EndGlobalSection
EndGlobal
